
Microsoft Visual Studio Solution File, Format Version 12.00
# Visual Studio Version 17
VisualStudioVersion = 17.14.37411.7 d17.14
MinimumVisualStudioVersion = 10.0.40219.1
Project("{FAE04EC0-301F-11D3-BF4B-00C04F79EFBC}") = "EpsLaNuestra.BlazorApp", "EpsLaNuestra.BlazorApp\EpsLaNuestra.BlazorApp.csproj", "{606074AC-9A0C-4A34-BC50-A51D509CCB4F}"
EndProject
Global
	GlobalSection(SolutionConfigurationPlatforms) = preSolution
		Debug|Any CPU = Debug|Any CPU
		Release|Any CPU = Release|Any CPU
	EndGlobalSection
	GlobalSection(ProjectConfigurationPlatforms) = postSolution
		{606074AC-9A0C-4A34-BC50-A51D509CCB4F}.Debug|Any CPU.ActiveCfg = Debug|Any CPU
		{606074AC-9A0C-4A34-BC50-A51D509CCB4F}.Debug|Any CPU.Build.0 = Debug|Any CPU
		{606074AC-9A0C-4A34-BC50-A51D509CCB4F}.Release|Any CPU.ActiveCfg = Release|Any CPU
		{606074AC-9A0C-4A34-BC50-A51D509CCB4F}.Release|Any CPU.Build.0 = Release|Any CPU
	EndGlobalSection
	GlobalSection(SolutionProperties) = preSolution
		HideSolutionNode = FALSE
	EndGlobalSection
	GlobalSection(ExtensibilityGlobals) = postSolution
		SolutionGuid = {C12F9F65-97FD-44E2-85A6-43935E8CCDB4}
	EndGlobalSection
EndGlobal
